// !$*UTF8*$!
{
	archiveVersion = 1;
	classes = {
	};
	objectVersion = 46;
	objects = {

/* Begin PBXBuildFile section */
		1DDFD0741CDBA6750098B16F /* main.m in Sources */ = {isa = PBXBuildFile; fileRef = 1DDFD0731CDBA6750098B16F /* main.m */; };
		1DDFD0771CDBA6750098B16F /* AppDelegate.m in Sources */ = {isa = PBXBuildFile; fileRef = 1DDFD0761CDBA6750098B16F /* AppDelegate.m */; };
		1DDFD07A1CDBA6750098B16F /* ItsHappeningViewController.m in Sources */ = {isa = PBXBuildFile; fileRef = 1DDFD0791CDBA6750098B16F /* ItsHappeningViewController.m */; };
		1DDFD07D1CDBA6750098B16F /* Main.storyboard in Resources */ = {isa = PBXBuildFile; fileRef = 1DDFD07B1CDBA6750098B16F /* Main.storyboard */; };
		1DDFD07F1CDBA6750098B16F /* Assets.xcassets in Resources */ = {isa = PBXBuildFile; fileRef = 1DDFD07E1CDBA6750098B16F /* Assets.xcassets */; };
		1DDFD0821CDBA6750098B16F /* LaunchScreen.storyboard in Resources */ = {isa = PBXBuildFile; fileRef = 1DDFD0801CDBA6750098B16F /* LaunchScreen.storyboard */; };
		1DDFD08D1CDBA6750098B16F /* MothersDayTests.m in Sources */ = {isa = PBXBuildFile; fileRef = 1DDFD08C1CDBA6750098B16F /* MothersDayTests.m */; };
/* End PBXBuildFile section */

/* Begin PBXContainerItemProxy section */
		1DDFD0891CDBA6750098B16F /* PBXContainerItemProxy */ = {
			isa = PBXContainerItemProxy;
			containerPortal = 1DDFD0671CDBA6750098B16F /* Project object */;
			proxyType = 1;
			remoteGlobalIDString = 1DDFD06E1CDBA6750098B16F;
			remoteInfo = MothersDay;
		};
/* End PBXContainerItemProxy section */

/* Begin PBXFileReference section */
		1DDFD06F1CDBA6750098B16F /* MothersDay.app */ = {isa = PBXFileReference; explicitFileType = wrapper.application; includeInIndex = 0; path = MothersDay.app; sourceTree = BUILT_PRODUCTS_DIR; };
		1DDFD0731CDBA6750098B16F /* main.m */ = {isa = PBXFileReference; lastKnownFileType = sourcecode.c.objc; path = main.m; sourceTree = "<group>"; };
		1DDFD0751CDBA6750098B16F /* AppDelegate.h */ = {isa = PBXFileReference; lastKnownFileType = sourcecode.c.h; path = AppDelegate.h; sourceTree = "<group>"; };
		1DDFD0761CDBA6750098B16F /* AppDelegate.m */ = {isa = PBXFileReference; lastKnownFileType = sourcecode.c.objc; path = AppDelegate.m; sourceTree = "<group>"; };
		1DDFD0781CDBA6750098B16F /* ItsHappeningViewController.h */ = {isa = PBXFileReference; lastKnownFileType = sourcecode.c.h; path = ItsHappeningViewController.h; sourceTree = "<group>"; };
		1DDFD0791CDBA6750098B16F /* ItsHappeningViewController.m */ = {isa = PBXFileReference; lastKnownFileType = sourcecode.c.objc; path = ItsHappeningViewController.m; sourceTree = "<group>"; };
		1DDFD07C1CDBA6750098B16F /* Base */ = {isa = PBXFileReference; lastKnownFileType = file.storyboard; name = Base; path = Base.lproj/Main.storyboard; sourceTree = "<group>"; };
		1DDFD07E1CDBA6750098B16F /* Assets.xcassets */ = {isa = PBXFileReference; lastKnownFileType = folder.assetcatalog; path = Assets.xcassets; sourceTree = "<group>"; };
		1DDFD0811CDBA6750098B16F /* Base */ = {isa = PBXFileReference; lastKnownFileType = file.storyboard; name = Base; path = Base.lproj/LaunchScreen.storyboard; sourceTree = "<group>"; };
		1DDFD0831CDBA6750098B16F /* Info.plist */ = {isa = PBXFileReference; lastKnownFileType = text.plist.xml; path = Info.plist; sourceTree = "<group>"; };
		1DDFD0881CDBA6750098B16F /* MothersDayTests.xctest */ = {isa = PBXFileReference; explicitFileType = wrapper.cfbundle; includeInIndex = 0; path = MothersDayTests.xctest; sourceTree = BUILT_PRODUCTS_DIR; };
		1DDFD08C1CDBA6750098B16F /* MothersDayTests.m */ = {isa = PBXFileReference; lastKnownFileType = sourcecode.c.objc; path = MothersDayTests.m; sourceTree = "<group>"; };
		1DDFD08E1CDBA6750098B16F /* Info.plist */ = {isa = PBXFileReference; lastKnownFileType = text.plist.xml; path = Info.plist; sourceTree = "<group>"; };
/* End PBXFileReference section */

/* Begin PBXFrameworksBuildPhase section */
		1DDFD06C1CDBA6750098B16F /* Frameworks */ = {
			isa = PBXFrameworksBuildPhase;
			buildActionMask = 2147483647;
			files = (
			);
			runOnlyForDeploymentPostprocessing = 0;
		};
		1DDFD0851CDBA6750098B16F /* Frameworks */ = {
			isa = PBXFrameworksBuildPhase;
			buildActionMask = 2147483647;
			files = (
			);
			runOnlyForDeploymentPostprocessing = 0;
		};
/* End PBXFrameworksBuildPhase section */

/* Begin PBXGroup section */
		1DDFD0661CDBA6750098B16F = {
			isa = PBXGroup;
			children = (
				1DDFD0711CDBA6750098B16F /* MothersDay */,
				1DDFD08B1CDBA6750098B16F /* MothersDayTests */,
				1DDFD0701CDBA6750098B16F /* Products */,
			);
			sourceTree = "<group>";
		};
		1DDFD0701CDBA6750098B16F /* Products */ = {
			isa = PBXGroup;
			children = (
				1DDFD06F1CDBA6750098B16F /* MothersDay.app */,
				1DDFD0881CDBA6750098B16F /* MothersDayTests.xctest */,
			);
			name = Products;
			sourceTree = "<group>";
		};
		1DDFD0711CDBA6750098B16F /* MothersDay */ = {
			isa = PBXGroup;
			children = (
				1DDFD0751CDBA6750098B16F /* AppDelegate.h */,
				1DDFD0761CDBA6750098B16F /* AppDelegate.m */,
				1DDFD0781CDBA6750098B16F /* ItsHappeningViewController.h */,
				1DDFD0791CDBA6750098B16F /* ItsHappeningViewController.m */,
				1DDFD07B1CDBA6750098B16F /* Main.storyboard */,
				1DDFD07E1CDBA6750098B16F /* Assets.xcassets */,
				1DDFD0801CDBA6750098B16F /* LaunchScreen.storyboard */,
				1DDFD0831CDBA6750098B16F /* Info.plist */,
				1DDFD0721CDBA6750098B16F /* Supporting Files */,
			);
			path = MothersDay;
			sourceTree = "<group>";
		};
		1DDFD0721CDBA6750098B16F /* Supporting Files */ = {
			isa = PBXGroup;
			children = (
				1DDFD0731CDBA6750098B16F /* main.m */,
			);
			name = "Supporting Files";
			sourceTree = "<group>";
		};
		1DDFD08B1CDBA6750098B16F /* MothersDayTests */ = {
			isa = PBXGroup;
			children = (
				1DDFD08C1CDBA6750098B16F /* MothersDayTests.m */,
				1DDFD08E1CDBA6750098B16F /* Info.plist */,
			);
			path = MothersDayTests;
			sourceTree = "<group>";
		};
/* End PBXGroup section */

/* Begin PBXNativeTarget section */
		1DDFD06E1CDBA6750098B16F /* MothersDay */ = {
			isa = PBXNativeTarget;
			buildConfigurationList = 1DDFD0911CDBA6750098B16F /* Build configuration list for PBXNativeTarget "MothersDay" */;
			buildPhases = (
				1DDFD06B1CDBA6750098B16F /* Sources */,
				1DDFD06C1CDBA6750098B16F /* Frameworks */,
				1DDFD06D1CDBA6750098B16F /* Resources */,
			);
			buildRules = (
			);
			dependencies = (
			);
			name = MothersDay;
			productName = MothersDay;
			productReference = 1DDFD06F1CDBA6750098B16F /* MothersDay.app */;
			productType = "com.apple.product-type.application";
		};
		1DDFD0871CDBA6750098B16F /* MothersDayTests */ = {
			isa = PBXNativeTarget;
			buildConfigurationList = 1DDFD0941CDBA6750098B16F /* Build configuration list for PBXNativeTarget "MothersDayTests" */;
			buildPhases = (
				1DDFD0841CDBA6750098B16F /* Sources */,
				1DDFD0851CDBA6750098B16F /* Frameworks */,
				1DDFD0861CDBA6750098B16F /* Resources */,
			);
			buildRules = (
			);
			dependencies = (
				1DDFD08A1CDBA6750098B16F /* PBXTargetDependency */,
			);
			name = MothersDayTests;
			productName = MothersDayTests;
			productReference = 1DDFD0881CDBA6750098B16F /* MothersDayTests.xctest */;
			productType = "com.apple.product-type.bundle.unit-test";
		};
/* End PBXNativeTarget section */

/* Begin PBXProject section */
		1DDFD0671CDBA6750098B16F /* Project object */ = {
			isa = PBXProject;
			attributes = {
				LastUpgradeCheck = 0730;
				ORGANIZATIONNAME = "TurnToTech Hackathon";
				TargetAttributes = {
					1DDFD06E1CDBA6750098B16F = {
						CreatedOnToolsVersion = 7.3;
						DevelopmentTeam = JXWADB5NMD;
					};
					1DDFD0871CDBA6750098B16F = {
						CreatedOnToolsVersion = 7.3;
						DevelopmentTeam = JXWADB5NMD;
						TestTargetID = 1DDFD06E1CDBA6750098B16F;
					};
				};
			};
			buildConfigurationList = 1DDFD06A1CDBA6750098B16F /* Build configuration list for PBXProject "MothersDay" */;
			compatibilityVersion = "Xcode 3.2";
			developmentRegion = English;
			hasScannedForEncodings = 0;
			knownRegions = (
				en,
				Base,
			);
			mainGroup = 1DDFD0661CDBA6750098B16F;
			productRefGroup = 1DDFD0701CDBA6750098B16F /* Products */;
			projectDirPath = "";
			projectRoot = "";
			targets = (
				1DDFD06E1CDBA6750098B16F /* MothersDay */,
				1DDFD0871CDBA6750098B16F /* MothersDayTests */,
			);
		};
/* End PBXProject section */

/* Begin PBXResourcesBuildPhase section */
		1DDFD06D1CDBA6750098B16F /* Resources */ = {
			isa = PBXResourcesBuildPhase;
			buildActionMask = 2147483647;
			files = (
				1DDFD0821CDBA6750098B16F /* LaunchScreen.storyboard in Resources */,
				1DDFD07F1CDBA6750098B16F /* Assets.xcassets in Resources */,
				1DDFD07D1CDBA6750098B16F /* Main.storyboard in Resources */,
			);
			runOnlyForDeploymentPostprocessing = 0;
		};
		1DDFD0861CDBA6750098B16F /* Resources */ = {
			isa = PBXResourcesBuildPhase;
			buildActionMask = 2147483647;
			files = (
			);
			runOnlyForDeploymentPostprocessing = 0;
		};
/* End PBXResourcesBuildPhase section */

/* Begin PBXSourcesBuildPhase section */
		1DDFD06B1CDBA6750098B16F /* Sources */ = {
			isa = PBXSourcesBuildPhase;
			buildActionMask = 2147483647;
			files = (
				1DDFD07A1CDBA6750098B16F /* ItsHappeningViewController.m in Sources */,
				1DDFD0771CDBA6750098B16F /* AppDelegate.m in Sources */,
				1DDFD0741CDBA6750098B16F /* main.m in Sources */,
			);
			runOnlyForDeploymentPostprocessing = 0;
		};
		1DDFD0841CDBA6750098B16F /* Sources */ = {
			isa = PBXSourcesBuildPhase;
			buildActionMask = 2147483647;
			files = (
				1DDFD08D1CDBA6750098B16F /* MothersDayTests.m in Sources */,
			);
			runOnlyForDeploymentPostprocessing = 0;
		};
/* End PBXSourcesBuildPhase section */

/* Begin PBXTargetDependency section */
		1DDFD08A1CDBA6750098B16F /* PBXTargetDependency */ = {
			isa = PBXTargetDependency;
			target = 1DDFD06E1CDBA6750098B16F /* MothersDay */;
			targetProxy = 1DDFD0891CDBA6750098B16F /* PBXContainerItemProxy */;
		};
/* End PBXTargetDependency section */

/* Begin PBXVariantGroup section */
		1DDFD07B1CDBA6750098B16F /* Main.storyboard */ = {
			isa = PBXVariantGroup;
			children = (
				1DDFD07C1CDBA6750098B16F /* Base */,
			);
			name = Main.storyboard;
			sourceTree = "<group>";
		};
		1DDFD0801CDBA6750098B16F /* LaunchScreen.storyboard */ = {
			isa = PBXVariantGroup;
			children = (
				1DDFD0811CDBA6750098B16F /* Base */,
			);
			name = LaunchScreen.storyboard;
			sourceTree = "<group>";
		};
/* End PBXVariantGroup section */

/* Begin XCBuildConfiguration section */
		1DDFD08F1CDBA6750098B16F /* Debug */ = {
			isa = XCBuildConfiguration;
			buildSettings = {
				ALWAYS_SEARCH_USER_PATHS = NO;
				CLANG_ANALYZER_NONNULL = YES;
				CLANG_CXX_LANGUAGE_STANDARD = "gnu++0x";
				CLANG_CXX_LIBRARY = "libc++";
				CLANG_ENABLE_MODULES = YES;
				CLANG_ENABLE_OBJC_ARC = YES;
				CLANG_WARN_BOOL_CONVERSION = YES;
				CLANG_WARN_CONSTANT_CONVERSION = YES;
				CLANG_WARN_DIRECT_OBJC_ISA_USAGE = YES_ERROR;
				CLANG_WARN_EMPTY_BODY = YES;
				CLANG_WARN_ENUM_CONVERSION = YES;
				CLANG_WARN_INT_CONVERSION = YES;
				CLANG_WARN_OBJC_ROOT_CLASS = YES_ERROR;
				CLANG_WARN_UNREACHABLE_CODE = YES;
				CLANG_WARN__DUPLICATE_METHOD_MATCH = YES;
				"CODE_SIGN_IDENTITY[sdk=iphoneos*]" = "iPhone Developer";
				COPY_PHASE_STRIP = NO;
				DEBUG_INFORMATION_FORMAT = dwarf;
				ENABLE_STRICT_OBJC_MSGSEND = YES;
				ENABLE_TESTABILITY = YES;
				GCC_C_LANGUAGE_STANDARD = gnu99;
				GCC_DYNAMIC_NO_PIC = NO;
				GCC_NO_COMMON_BLOCKS = YES;
				GCC_OPTIMIZATION_LEVEL = 0;
				GCC_PREPROCESSOR_DEFINITIONS = (
					"DEBUG=1",
					"$(inherited)",
				);
				GCC_WARN_64_TO_32_BIT_CONVERSION = YES;
				GCC_WARN_ABOUT_RETURN_TYPE = YES_ERROR;
				GCC_WARN_UNDECLARED_SELECTOR = YES;
				GCC_WARN_UNINITIALIZED_AUTOS = YES_AGGRESSIVE;
				GCC_WARN_UNUSED_FUNCTION = YES;
				GCC_WARN_UNUSED_VARIABLE = YES;
				IPHONEOS_DEPLOYMENT_TARGET = 9.3;
				MTL_ENABLE_DEBUG_INFO = YES;
				ONLY_ACTIVE_ARCH = YES;
				SDKROOT = iphoneos;
			};
			name = Debug;
		};
		1DDFD0901CDBA6750098B16F /* Release */ = {
			isa = XCBuildConfiguration;
			buildSettings = {
				ALWAYS_SEARCH_USER_PATHS = NO;
				CLANG_ANALYZER_NONNULL = YES;
				CLANG_CXX_LANGUAGE_STANDARD = "gnu++0x";
				CLANG_CXX_LIBRARY = "libc++";
				CLANG_ENABLE_MODULES = YES;
				CLANG_ENABLE_OBJC_ARC = YES;
				CLANG_WARN_BOOL_CONVERSION = YES;
				CLANG_WARN_CONSTANT_CONVERSION = YES;
				CLANG_WARN_DIRECT_OBJC_ISA_USAGE = YES_ERROR;
				CLANG_WARN_EMPTY_BODY = YES;
				CLANG_WARN_ENUM_CONVERSION = YES;
				CLANG_WARN_INT_CONVERSION = YES;
				CLANG_WARN_OBJC_ROOT_CLASS = YES_ERROR;
				CLANG_WARN_UNREACHABLE_CODE = YES;
				CLANG_WARN__DUPLICATE_METHOD_MATCH = YES;
				"CODE_SIGN_IDENTITY[sdk=iphoneos*]" = "iPhone Developer";
				COPY_PHASE_STRIP = NO;
				DEBUG_INFORMATION_FORMAT = "dwarf-with-dsym";
				ENABLE_NS_ASSERTIONS = NO;
				ENABLE_STRICT_OBJC_MSGSEND = YES;
				GCC_C_LANGUAGE_STANDARD = gnu99;
				GCC_NO_COMMON_BLOCKS = YES;
				GCC_WARN_64_TO_32_BIT_CONVERSION = YES;
				GCC_WARN_ABOUT_RETURN_TYPE = YES_ERROR;
				GCC_WARN_UNDECLARED_SELECTOR = YES;
				GCC_WARN_UNINITIALIZED_AUTOS = YES_AGGRESSIVE;
				GCC_WARN_UNUSED_FUNCTION = YES;
				GCC_WARN_UNUSED_VARIABLE = YES;
				IPHONEOS_DEPLOYMENT_TARGET = 9.3;
				MTL_ENABLE_DEBUG_INFO = NO;
				SDKROOT = iphoneos;
				VALIDATE_PRODUCT = YES;
			};
			name = Release;
		};
		1DDFD0921CDBA6750098B16F /* Debug */ = {
			isa = XCBuildConfiguration;
			buildSettings = {
				ASSETCATALOG_COMPILER_APPICON_NAME = AppIcon;
				INFOPLIST_FILE = MothersDay/Info.plist;
				LD_RUNPATH_SEARCH_PATHS = "$(inherited) @executable_path/Frameworks";
				PRODUCT_BUNDLE_IDENTIFIER = com.turntotech.MothersDay;
				PRODUCT_NAME = "$(TARGET_NAME)";
			};
			name = Debug;
		};
		1DDFD0931CDBA6750098B16F /* Release */ = {
			isa = XCBuildConfiguration;
			buildSettings = {
				ASSETCATALOG_COMPILER_APPICON_NAME = AppIcon;
				INFOPLIST_FILE = MothersDay/Info.plist;
				LD_RUNPATH_SEARCH_PATHS = "$(inherited) @executable_path/Frameworks";
				PRODUCT_BUNDLE_IDENTIFIER = com.turntotech.MothersDay;
				PRODUCT_NAME = "$(TARGET_NAME)";
			};
			name = Release;
		};
		1DDFD0951CDBA6750098B16F /* Debug */ = {
			isa = XCBuildConfiguration;
			buildSettings = {
				BUNDLE_LOADER = "$(TEST_HOST)";
				INFOPLIST_FILE = MothersDayTests/Info.plist;
				LD_RUNPATH_SEARCH_PATHS = "$(inherited) @executable_path/Frameworks @loader_path/Frameworks";
				PRODUCT_BUNDLE_IDENTIFIER = com.turntotech.MothersDayTests;
				PRODUCT_NAME = "$(TARGET_NAME)";
				TEST_HOST = "$(BUILT_PRODUCTS_DIR)/MothersDay.app/MothersDay";
			};
			name = Debug;
		};
		1DDFD0961CDBA6750098B16F /* Release */ = {
			isa = XCBuildConfiguration;
			buildSettings = {
				BUNDLE_LOADER = "$(TEST_HOST)";
				INFOPLIST_FILE = MothersDayTests/Info.plist;
				LD_RUNPATH_SEARCH_PATHS = "$(inherited) @executable_path/Frameworks @loader_path/Frameworks";
				PRODUCT_BUNDLE_IDENTIFIER = com.turntotech.MothersDayTests;
				PRODUCT_NAME = "$(TARGET_NAME)";
				TEST_HOST = "$(BUILT_PRODUCTS_DIR)/MothersDay.app/MothersDay";
			};
			name = Release;
		};
/* End XCBuildConfiguration section */

/* Begin XCConfigurationList section */
		1DDFD06A1CDBA6750098B16F /* Build configuration list for PBXProject "MothersDay" */ = {
			isa = XCConfigurationList;
			buildConfigurations = (
				1DDFD08F1CDBA6750098B16F /* Debug */,
				1DDFD0901CDBA6750098B16F /* Release */,
			);
			defaultConfigurationIsVisible = 0;
			defaultConfigurationName = Release;
		};
		1DDFD0911CDBA6750098B16F /* Build configuration list for PBXNativeTarget "MothersDay" */ = {
			isa = XCConfigurationList;
			buildConfigurations = (
				1DDFD0921CDBA6750098B16F /* Debug */,
				1DDFD0931CDBA6750098B16F /* Release */,
			);
			defaultConfigurationIsVisible = 0;
			defaultConfigurationName = Release;
		};
		1DDFD0941CDBA6750098B16F /* Build configuration list for PBXNativeTarget "MothersDayTests" */ = {
			isa = XCConfigurationList;
			buildConfigurations = (
				1DDFD0951CDBA6750098B16F /* Debug */,
				1DDFD0961CDBA6750098B16F /* Release */,
			);
			defaultConfigurationIsVisible = 0;
			defaultConfigurationName = Release;
		};
/* End XCConfigurationList section */
	};
	rootObject = 1DDFD0671CDBA6750098B16F /* Project object */;
}
